
Microsoft Visual Studio Solution File, Format Version 12.00
# Visual Studio 15
VisualStudioVersion = 15.0.28010.2016
MinimumVisualStudioVersion = 10.0.40219.1
Project("{FAE04EC0-301F-11D3-BF4B-00C04F79EFBC}") = "TasksDemo.Sample1", "TasksDemo.Sample1\TasksDemo.Sample1.csproj", "{87AE81E8-CB43-4DED-8137-77134D6E40ED}"
EndProject
Project("{FAE04EC0-301F-11D3-BF4B-00C04F79EFBC}") = "Nitgen.Identificacao.Multithread.Demo", "Nitgen.Identificacao.Multithread.Demo\Nitgen.Identificacao.Multithread.Demo.csproj", "{49B5066C-7486-494F-96DB-F20D5935A89C}"
EndProject
Project("{FAE04EC0-301F-11D3-BF4B-00C04F79EFBC}") = "Nitgen.Identificacao.Simples.Demo", "Nitgen.Identificacao.Simples.Demo\Nitgen.Identificacao.Simples.Demo.csproj", "{F01301A2-5DAE-48CC-9BF8-EF79B37EA629}"
EndProject
Project("{FAE04EC0-301F-11D3-BF4B-00C04F79EFBC}") = "Nitgen.Identificacao.Multithread.Antiga", "Nitgen.Identificacao.Multithread.Antiga\Nitgen.Identificacao.Multithread.Antiga.csproj", "{15CD4D5C-FFAC-4597-BF18-6DB10774865B}"
EndProject
Project("{FAE04EC0-301F-11D3-BF4B-00C04F79EFBC}") = "DigitalPersona.Identificacao.Simples.Demo", "DigitalPersona.Identificacao.Simples.Demo\DigitalPersona.Identificacao.Simples.Demo.csproj", "{B8961202-71CB-47DA-B261-B4189C880E71}"
EndProject
Project("{FAE04EC0-301F-11D3-BF4B-00C04F79EFBC}") = "Nitgen.Identificacao.Multithread.1_1", "Nitgen.Identificacao.Multithread.1_1\Nitgen.Identificacao.Multithread.1_1.csproj", "{365B2E64-9CE6-4866-9730-ED89951AAD55}"
EndProject
Global
	GlobalSection(SolutionConfigurationPlatforms) = preSolution
		Debug|Any CPU = Debug|Any CPU
		Debug|x64 = Debug|x64
		Debug|x86 = Debug|x86
		Release|Any CPU = Release|Any CPU
		Release|x64 = Release|x64
		Release|x86 = Release|x86
	EndGlobalSection
	GlobalSection(ProjectConfigurationPlatforms) = postSolution
		{87AE81E8-CB43-4DED-8137-77134D6E40ED}.Debug|Any CPU.ActiveCfg = Debug|Any CPU
		{87AE81E8-CB43-4DED-8137-77134D6E40ED}.Debug|Any CPU.Build.0 = Debug|Any CPU
		{87AE81E8-CB43-4DED-8137-77134D6E40ED}.Debug|x64.ActiveCfg = Debug|Any CPU
		{87AE81E8-CB43-4DED-8137-77134D6E40ED}.Debug|x64.Build.0 = Debug|Any CPU
		{87AE81E8-CB43-4DED-8137-77134D6E40ED}.Debug|x86.ActiveCfg = Debug|Any CPU
		{87AE81E8-CB43-4DED-8137-77134D6E40ED}.Debug|x86.Build.0 = Debug|Any CPU
		{87AE81E8-CB43-4DED-8137-77134D6E40ED}.Release|Any CPU.ActiveCfg = Release|Any CPU
		{87AE81E8-CB43-4DED-8137-77134D6E40ED}.Release|Any CPU.Build.0 = Release|Any CPU
		{87AE81E8-CB43-4DED-8137-77134D6E40ED}.Release|x64.ActiveCfg = Release|Any CPU
		{87AE81E8-CB43-4DED-8137-77134D6E40ED}.Release|x64.Build.0 = Release|Any CPU
		{87AE81E8-CB43-4DED-8137-77134D6E40ED}.Release|x86.ActiveCfg = Release|Any CPU
		{87AE81E8-CB43-4DED-8137-77134D6E40ED}.Release|x86.Build.0 = Release|Any CPU
		{49B5066C-7486-494F-96DB-F20D5935A89C}.Debug|Any CPU.ActiveCfg = Debug|Any CPU
		{49B5066C-7486-494F-96DB-F20D5935A89C}.Debug|Any CPU.Build.0 = Debug|Any CPU
		{49B5066C-7486-494F-96DB-F20D5935A89C}.Debug|x64.ActiveCfg = Debug|x64
		{49B5066C-7486-494F-96DB-F20D5935A89C}.Debug|x64.Build.0 = Debug|x64
		{49B5066C-7486-494F-96DB-F20D5935A89C}.Debug|x86.ActiveCfg = Debug|x86
		{49B5066C-7486-494F-96DB-F20D5935A89C}.Debug|x86.Build.0 = Debug|x86
		{49B5066C-7486-494F-96DB-F20D5935A89C}.Release|Any CPU.ActiveCfg = Release|Any CPU
		{49B5066C-7486-494F-96DB-F20D5935A89C}.Release|Any CPU.Build.0 = Release|Any CPU
		{49B5066C-7486-494F-96DB-F20D5935A89C}.Release|x64.ActiveCfg = Release|x64
		{49B5066C-7486-494F-96DB-F20D5935A89C}.Release|x64.Build.0 = Release|x64
		{49B5066C-7486-494F-96DB-F20D5935A89C}.Release|x86.ActiveCfg = Release|x86
		{49B5066C-7486-494F-96DB-F20D5935A89C}.Release|x86.Build.0 = Release|x86
		{F01301A2-5DAE-48CC-9BF8-EF79B37EA629}.Debug|Any CPU.ActiveCfg = Debug|Any CPU
		{F01301A2-5DAE-48CC-9BF8-EF79B37EA629}.Debug|Any CPU.Build.0 = Debug|Any CPU
		{F01301A2-5DAE-48CC-9BF8-EF79B37EA629}.Debug|x64.ActiveCfg = Debug|Any CPU
		{F01301A2-5DAE-48CC-9BF8-EF79B37EA629}.Debug|x64.Build.0 = Debug|Any CPU
		{F01301A2-5DAE-48CC-9BF8-EF79B37EA629}.Debug|x86.ActiveCfg = Debug|Any CPU
		{F01301A2-5DAE-48CC-9BF8-EF79B37EA629}.Debug|x86.Build.0 = Debug|Any CPU
		{F01301A2-5DAE-48CC-9BF8-EF79B37EA629}.Release|Any CPU.ActiveCfg = Release|Any CPU
		{F01301A2-5DAE-48CC-9BF8-EF79B37EA629}.Release|Any CPU.Build.0 = Release|Any CPU
		{F01301A2-5DAE-48CC-9BF8-EF79B37EA629}.Release|x64.ActiveCfg = Release|Any CPU
		{F01301A2-5DAE-48CC-9BF8-EF79B37EA629}.Release|x64.Build.0 = Release|Any CPU
		{F01301A2-5DAE-48CC-9BF8-EF79B37EA629}.Release|x86.ActiveCfg = Release|Any CPU
		{F01301A2-5DAE-48CC-9BF8-EF79B37EA629}.Release|x86.Build.0 = Release|Any CPU
		{15CD4D5C-FFAC-4597-BF18-6DB10774865B}.Debug|Any CPU.ActiveCfg = Debug|Any CPU
		{15CD4D5C-FFAC-4597-BF18-6DB10774865B}.Debug|Any CPU.Build.0 = Debug|Any CPU
		{15CD4D5C-FFAC-4597-BF18-6DB10774865B}.Debug|x64.ActiveCfg = Debug|Any CPU
		{15CD4D5C-FFAC-4597-BF18-6DB10774865B}.Debug|x64.Build.0 = Debug|Any CPU
		{15CD4D5C-FFAC-4597-BF18-6DB10774865B}.Debug|x86.ActiveCfg = Debug|Any CPU
		{15CD4D5C-FFAC-4597-BF18-6DB10774865B}.Debug|x86.Build.0 = Debug|Any CPU
		{15CD4D5C-FFAC-4597-BF18-6DB10774865B}.Release|Any CPU.ActiveCfg = Release|Any CPU
		{15CD4D5C-FFAC-4597-BF18-6DB10774865B}.Release|Any CPU.Build.0 = Release|Any CPU
		{15CD4D5C-FFAC-4597-BF18-6DB10774865B}.Release|x64.ActiveCfg = Release|Any CPU
		{15CD4D5C-FFAC-4597-BF18-6DB10774865B}.Release|x64.Build.0 = Release|Any CPU
		{15CD4D5C-FFAC-4597-BF18-6DB10774865B}.Release|x86.ActiveCfg = Release|Any CPU
		{15CD4D5C-FFAC-4597-BF18-6DB10774865B}.Release|x86.Build.0 = Release|Any CPU
		{B8961202-71CB-47DA-B261-B4189C880E71}.Debug|Any CPU.ActiveCfg = Debug|Any CPU
		{B8961202-71CB-47DA-B261-B4189C880E71}.Debug|Any CPU.Build.0 = Debug|Any CPU
		{B8961202-71CB-47DA-B261-B4189C880E71}.Debug|x64.ActiveCfg = Debug|Any CPU
		{B8961202-71CB-47DA-B261-B4189C880E71}.Debug|x64.Build.0 = Debug|Any CPU
		{B8961202-71CB-47DA-B261-B4189C880E71}.Debug|x86.ActiveCfg = Debug|Any CPU
		{B8961202-71CB-47DA-B261-B4189C880E71}.Debug|x86.Build.0 = Debug|Any CPU
		{B8961202-71CB-47DA-B261-B4189C880E71}.Release|Any CPU.ActiveCfg = Release|Any CPU
		{B8961202-71CB-47DA-B261-B4189C880E71}.Release|Any CPU.Build.0 = Release|Any CPU
		{B8961202-71CB-47DA-B261-B4189C880E71}.Release|x64.ActiveCfg = Release|Any CPU
		{B8961202-71CB-47DA-B261-B4189C880E71}.Release|x64.Build.0 = Release|Any CPU
		{B8961202-71CB-47DA-B261-B4189C880E71}.Release|x86.ActiveCfg = Release|Any CPU
		{B8961202-71CB-47DA-B261-B4189C880E71}.Release|x86.Build.0 = Release|Any CPU
		{365B2E64-9CE6-4866-9730-ED89951AAD55}.Debug|Any CPU.ActiveCfg = Debug|Any CPU
		{365B2E64-9CE6-4866-9730-ED89951AAD55}.Debug|Any CPU.Build.0 = Debug|Any CPU
		{365B2E64-9CE6-4866-9730-ED89951AAD55}.Debug|x64.ActiveCfg = Debug|Any CPU
		{365B2E64-9CE6-4866-9730-ED89951AAD55}.Debug|x64.Build.0 = Debug|Any CPU
		{365B2E64-9CE6-4866-9730-ED89951AAD55}.Debug|x86.ActiveCfg = Debug|Any CPU
		{365B2E64-9CE6-4866-9730-ED89951AAD55}.Debug|x86.Build.0 = Debug|Any CPU
		{365B2E64-9CE6-4866-9730-ED89951AAD55}.Release|Any CPU.ActiveCfg = Release|Any CPU
		{365B2E64-9CE6-4866-9730-ED89951AAD55}.Release|Any CPU.Build.0 = Release|Any CPU
		{365B2E64-9CE6-4866-9730-ED89951AAD55}.Release|x64.ActiveCfg = Release|Any CPU
		{365B2E64-9CE6-4866-9730-ED89951AAD55}.Release|x64.Build.0 = Release|Any CPU
		{365B2E64-9CE6-4866-9730-ED89951AAD55}.Release|x86.ActiveCfg = Release|Any CPU
		{365B2E64-9CE6-4866-9730-ED89951AAD55}.Release|x86.Build.0 = Release|Any CPU
	EndGlobalSection
	GlobalSection(SolutionProperties) = preSolution
		HideSolutionNode = FALSE
	EndGlobalSection
	GlobalSection(ExtensibilityGlobals) = postSolution
		SolutionGuid = {9F212934-9E9A-402E-8518-E3FE7448B0BA}
	EndGlobalSection
EndGlobal
